
Microsoft Visual Studio Solution File, Format Version 12.00
# Visual Studio Version 17
VisualStudioVersion = 17.8.34525.116
MinimumVisualStudioVersion = 10.0.40219.1
Project("{FAE04EC0-301F-11D3-BF4B-00C04F79EFBC}") = "BanTin", "BanTin\BanTin.csproj", "{5FEA8C6E-095A-4F3E-AA71-8A7026C38EAB}"
EndProject
Global
	GlobalSection(SolutionConfigurationPlatforms) = preSolution
		Debug|Any CPU = Debug|Any CPU
		Release|Any CPU = Release|Any CPU
	EndGlobalSection
	GlobalSection(ProjectConfigurationPlatforms) = postSolution
		{5FEA8C6E-095A-4F3E-AA71-8A7026C38EAB}.Debug|Any CPU.ActiveCfg = Debug|Any CPU
		{5FEA8C6E-095A-4F3E-AA71-8A7026C38EAB}.Debug|Any CPU.Build.0 = Debug|Any CPU
		{5FEA8C6E-095A-4F3E-AA71-8A7026C38EAB}.Release|Any CPU.ActiveCfg = Release|Any CPU
		{5FEA8C6E-095A-4F3E-AA71-8A7026C38EAB}.Release|Any CPU.Build.0 = Release|Any CPU
	EndGlobalSection
	GlobalSection(SolutionProperties) = preSolution
		HideSolutionNode = FALSE
	EndGlobalSection
	GlobalSection(ExtensibilityGlobals) = postSolution
		SolutionGuid = {CF9B5D94-214A-4264-A514-2EBD5865B543}
	EndGlobalSection
EndGlobal
